<?xml version="1.0" encoding="UTF-8"?>
<Scheme
   version = "1.3">
   <BuildAction>
      <BuildActionEntries>
         <BuildActionEntry
            buildForRunning = "YES">
            <BuildableReference
               BuildableIdentifier = "primary"
               BlueprintIdentifier = "84F1CCDD256BE45B007A7777"
               BuildableName = "Lab8_Calculator.app"
               BlueprintName = "Lab8_Calculator"
               ReferencedContainer = "container:Lab8_Calculator.xcodeproj">
            </BuildableReference>
         </BuildActionEntry>
      </BuildActionEntries>
   </BuildAction>
   <LaunchAction
      useCustomWorkingDirectory = "NO"
      buildConfiguration = "Debug"
      allowLocationSimulation = "YES">
      <BuildableProductRunnable>
         <BuildableReference
            BuildableIdentifier = "primary"
            BlueprintIdentifier = "84F1CCDD256BE45B007A7777"
            BuildableName = "Lab8_Calculator.app"
            BlueprintName = "Lab8_Calculator"
            ReferencedContainer = "container:Lab8_Calculator.xcodeproj">
         </BuildableReference>
      </BuildableProductRunnable>
   </LaunchAction>
</Scheme>
